
Microsoft Visual Studio Solution File, Format Version 12.00
# Visual Studio Version 16
VisualStudioVersion = 25.0.1706.13
MinimumVisualStudioVersion = 10.0.40219.1
Project("{FAE04EC0-301F-11D3-BF4B-00C04F79EFBC}") = "Flipkart", "Flipkart\Flipkart.csproj", "{46AC1548-5D97-43CB-81A3-68BF333A9168}"
EndProject
Global
	GlobalSection(SolutionConfigurationPlatforms) = preSolution
		Debug|Any CPU = Debug|Any CPU
		Release|Any CPU = Release|Any CPU
	EndGlobalSection
	GlobalSection(ProjectConfigurationPlatforms) = postSolution
		{46AC1548-5D97-43CB-81A3-68BF333A9168}.Debug|Any CPU.ActiveCfg = Debug|Any CPU
		{46AC1548-5D97-43CB-81A3-68BF333A9168}.Debug|Any CPU.Build.0 = Debug|Any CPU
		{46AC1548-5D97-43CB-81A3-68BF333A9168}.Release|Any CPU.ActiveCfg = Release|Any CPU
		{46AC1548-5D97-43CB-81A3-68BF333A9168}.Release|Any CPU.Build.0 = Release|Any CPU
	EndGlobalSection
	GlobalSection(SolutionProperties) = preSolution
		HideSolutionNode = FALSE
	EndGlobalSection
	GlobalSection(ExtensibilityGlobals) = postSolution
		SolutionGuid = {02D91B9F-6E2F-4B4A-8BA5-EA524F15ADC9}
	EndGlobalSection
EndGlobal
